
Microsoft Visual Studio Solution File, Format Version 12.00
# Visual Studio Version 17
VisualStudioVersion = 17.13.35825.156 d17.13
MinimumVisualStudioVersion = 10.0.40219.1
Project("{FAE04EC0-301F-11D3-BF4B-00C04F79EFBC}") = "SueldoSemanal19796703", "SueldoSemanal19796703\SueldoSemanal19796703.csproj", "{BE73B2B7-41DC-4C3C-8CA2-03DA2BBA29DC}"
EndProject
Global
	GlobalSection(SolutionConfigurationPlatforms) = preSolution
		Debug|Any CPU = Debug|Any CPU
		Release|Any CPU = Release|Any CPU
	EndGlobalSection
	GlobalSection(ProjectConfigurationPlatforms) = postSolution
		{BE73B2B7-41DC-4C3C-8CA2-03DA2BBA29DC}.Debug|Any CPU.ActiveCfg = Debug|Any CPU
		{BE73B2B7-41DC-4C3C-8CA2-03DA2BBA29DC}.Debug|Any CPU.Build.0 = Debug|Any CPU
		{BE73B2B7-41DC-4C3C-8CA2-03DA2BBA29DC}.Debug|Any CPU.Deploy.0 = Debug|Any CPU
		{BE73B2B7-41DC-4C3C-8CA2-03DA2BBA29DC}.Release|Any CPU.ActiveCfg = Release|Any CPU
		{BE73B2B7-41DC-4C3C-8CA2-03DA2BBA29DC}.Release|Any CPU.Build.0 = Release|Any CPU
		{BE73B2B7-41DC-4C3C-8CA2-03DA2BBA29DC}.Release|Any CPU.Deploy.0 = Release|Any CPU
	EndGlobalSection
	GlobalSection(SolutionProperties) = preSolution
		HideSolutionNode = FALSE
	EndGlobalSection
	GlobalSection(ExtensibilityGlobals) = postSolution
		SolutionGuid = {1A6A172E-52C2-441A-BB60-2C7A01E5F3A6}
	EndGlobalSection
EndGlobal
